<?xml version="1.0" encoding="utf-8"?>
<Project ToolsVersion="4.0" xmlns="http://schemas.microsoft.com/developer/msbuild/2003">
  <ItemGroup>
    <Filter Include="源文件">
      <UniqueIdentifier>{4FC737F1-C7A5-4376-A066-2A32D752A2FF}</UniqueIdentifier>
      <Extensions>cpp;c;cc;cxx;def;odl;idl;hpj;bat;asm;asmx</Extensions>
    </Filter>
    <Filter Include="头文件">
      <UniqueIdentifier>{93995380-89BD-4b04-88EB-625FBE52EBFB}</UniqueIdentifier>
      <Extensions>h;hh;hpp;hxx;hm;inl;inc;xsd</Extensions>
    </Filter>
    <Filter Include="资源文件">
      <UniqueIdentifier>{67DA6AB6-F800-4c08-8B7A-83BB121AAD01}</UniqueIdentifier>
      <Extensions>rc;ico;cur;bmp;dlg;rc2;rct;bin;rgs;gif;jpg;jpeg;jpe;resx;tiff;tif;png;wav;mfcribbon-ms</Extensions>
    </Filter>
    <Filter Include="头文件\Framework">
      <UniqueIdentifier>{4e1db51b-6d18-417e-8628-9f732e24baaf}</UniqueIdentifier>
    </Filter>
    <Filter Include="头文件\Framework\Interface">
      <UniqueIdentifier>{0a03604d-0b07-4a63-a9f6-40574d8d38bb}</UniqueIdentifier>
    </Filter>
    <Filter Include="头文件\Framework\Common">
      <UniqueIdentifier>{a0afc620-41b2-43db-9da0-471ba8d6410f}</UniqueIdentifier>
    </Filter>
    <Filter Include="源文件\Framework">
      <UniqueIdentifier>{bb4a81f6-7ce2-4850-8e2d-ff8174d4c533}</UniqueIdentifier>
    </Filter>
    <Filter Include="源文件\Framework\Common">
      <UniqueIdentifier>{4f7a8c26-ce3e-4465-a472-258f97cfcea4}</UniqueIdentifier>
    </Filter>
    <Filter Include="源文件\Empty">
      <UniqueIdentifier>{a18f6531-48f3-4f49-911e-402716ac0b18}</UniqueIdentifier>
    </Filter>
    <Filter Include="源文件\Platform">
      <UniqueIdentifier>{edb7502b-ff14-47c5-bb8f-2884f6d2107c}</UniqueIdentifier>
    </Filter>
    <Filter Include="源文件\Platform\Windows">
      <UniqueIdentifier>{f8fa26f9-ca68-48ca-9cf9-d9b0f600599c}</UniqueIdentifier>
    </Filter>
    <Filter Include="头文件\Platform">
      <UniqueIdentifier>{f3bc4ad1-981d-46a8-bb57-d6d364233a9a}</UniqueIdentifier>
    </Filter>
    <Filter Include="头文件\Platform\Windows">
      <UniqueIdentifier>{10ded946-4356-4c45-9a98-ad3875f33087}</UniqueIdentifier>
    </Filter>
    <Filter Include="头文件\Empty">
      <UniqueIdentifier>{f3d21ddb-ce11-4726-876b-dfc9446c4a59}</UniqueIdentifier>
    </Filter>
  </ItemGroup>
  <ItemGroup>
    <ClInclude Include="Framework\Interface\Interface.hpp">
      <Filter>头文件\Framework\Interface</Filter>
    </ClInclude>
    <ClInclude Include="Framework\Interface\IApplication.hpp">
      <Filter>头文件\Framework\Interface</Filter>
    </ClInclude>
    <ClInclude Include="Framework\Interface\IRuntimeModule.hpp">
      <Filter>头文件\Framework\Interface</Filter>
    </ClInclude>
    <ClInclude Include="Framework\Common\BaseApplication.hpp">
      <Filter>头文件\Framework\Common</Filter>
    </ClInclude>
    <ClInclude Include="Platform\Windows\cbuffer.h">
      <Filter>头文件\Platform\Windows</Filter>
    </ClInclude>
    <ClInclude Include="Platform\Windows\d3dx12.h">
      <Filter>头文件\Platform\Windows</Filter>
    </ClInclude>
    <ClInclude Include="Platform\Windows\Mesh.h">
      <Filter>头文件\Platform\Windows</Filter>
    </ClInclude>
    <ClInclude Include="Framework\Common\Allocator.hpp">
      <Filter>头文件\Framework\Common</Filter>
    </ClInclude>
    <ClInclude Include="Framework\Common\GraphicsManager.hpp">
      <Filter>头文件\Framework\Common</Filter>
    </ClInclude>
    <ClInclude Include="Platform\Windows\enginemath.h">
      <Filter>头文件\Platform\Windows</Filter>
    </ClInclude>
    <ClInclude Include="Framework\Common\MemoryManager.hpp">
      <Filter>头文件\Framework\Common</Filter>
    </ClInclude>
    <ClInclude Include="Framework\Common\GfxConfiguration.h">
      <Filter>头文件\Framework\Common</Filter>
    </ClInclude>
  </ItemGroup>
  <ItemGroup>
    <ClCompile Include="Framework\Common\BaseApplication.cpp">
      <Filter>源文件\Framework\Common</Filter>
    </ClCompile>
    <ClCompile Include="Framework\Common\main.cpp">
      <Filter>源文件\Framework\Common</Filter>
    </ClCompile>
    <ClCompile Include="Empty\EmptyApplication.cpp">
      <Filter>源文件\Empty</Filter>
    </ClCompile>
    <ClCompile Include="Platform\Windows\helloengine_win.cpp">
      <Filter>源文件\Platform\Windows</Filter>
    </ClCompile>
    <ClCompile Include="Platform\Windows\helloengine_d2d.cpp">
      <Filter>源文件\Platform\Windows</Filter>
    </ClCompile>
    <ClCompile Include="Platform\Windows\helloengine_d3d.cpp">
      <Filter>源文件\Platform\Windows</Filter>
    </ClCompile>
    <ClCompile Include="Platform\Windows\helloengine_opengl.cpp">
      <Filter>源文件\Platform\Windows</Filter>
    </ClCompile>
    <ClCompile Include="Platform\Windows\helloengine_d3d12.cpp">
      <Filter>源文件\Platform\Windows</Filter>
    </ClCompile>
    <ClCompile Include="Framework\Common\Allocator.cpp">
      <Filter>源文件\Framework\Common</Filter>
    </ClCompile>
    <ClCompile Include="Framework\Common\GraphicsManager.cpp">
      <Filter>源文件\Framework\Common</Filter>
    </ClCompile>
    <ClCompile Include="Framework\Common\MemoryManager.cpp">
      <Filter>源文件\Framework\Common</Filter>
    </ClCompile>
  </ItemGroup>
</Project>